// !$*UTF8*$!
{
	archiveVersion = 1;
	classes = {
	};
	objectVersion = 46;
	objects = {

/* Begin PBXBuildFile section */
		79F622501F0C131A00EE562A /* AppDelegate.swift in Sources */ = {isa = PBXBuildFile; fileRef = 79F6224F1F0C131A00EE562A /* AppDelegate.swift */; };
		79F622521F0C131A00EE562A /* ViewController.swift in Sources */ = {isa = PBXBuildFile; fileRef = 79F622511F0C131A00EE562A /* ViewController.swift */; };
		79F622551F0C131A00EE562A /* Main.storyboard in Resources */ = {isa = PBXBuildFile; fileRef = 79F622531F0C131A00EE562A /* Main.storyboard */; };
		79F622571F0C131A00EE562A /* Assets.xcassets in Resources */ = {isa = PBXBuildFile; fileRef = 79F622561F0C131A00EE562A /* Assets.xcassets */; };
		79F6225A1F0C131A00EE562A /* LaunchScreen.storyboard in Resources */ = {isa = PBXBuildFile; fileRef = 79F622581F0C131A00EE562A /* LaunchScreen.storyboard */; };
		79F622651F0C131A00EE562A /* iTunesClientTests.swift in Sources */ = {isa = PBXBuildFile; fileRef = 79F622641F0C131A00EE562A /* iTunesClientTests.swift */; };
		79F622701F0C131A00EE562A /* iTunesClientUITests.swift in Sources */ = {isa = PBXBuildFile; fileRef = 79F6226F1F0C131A00EE562A /* iTunesClientUITests.swift */; };
		79F622811F0C152000EE562A /* Artist.swift in Sources */ = {isa = PBXBuildFile; fileRef = 79F622801F0C152000EE562A /* Artist.swift */; };
		79F622831F0C172300EE562A /* Genre.swift in Sources */ = {isa = PBXBuildFile; fileRef = 79F622821F0C172300EE562A /* Genre.swift */; };
		79F622851F0C182600EE562A /* Album.swift in Sources */ = {isa = PBXBuildFile; fileRef = 79F622841F0C182600EE562A /* Album.swift */; };
		79F622871F0C21AB00EE562A /* Song.swift in Sources */ = {isa = PBXBuildFile; fileRef = 79F622861F0C21AB00EE562A /* Song.swift */; };
		79F622891F0C2E6900EE562A /* Stub.swift in Sources */ = {isa = PBXBuildFile; fileRef = 79F622881F0C2E6900EE562A /* Stub.swift */; };
		79F6228B1F0C32B800EE562A /* SearchResultsController.swift in Sources */ = {isa = PBXBuildFile; fileRef = 79F6228A1F0C32B800EE562A /* SearchResultsController.swift */; };
/* End PBXBuildFile section */

/* Begin PBXContainerItemProxy section */
		79F622611F0C131A00EE562A /* PBXContainerItemProxy */ = {
			isa = PBXContainerItemProxy;
			containerPortal = 79F622441F0C131900EE562A /* Project object */;
			proxyType = 1;
			remoteGlobalIDString = 79F6224B1F0C131A00EE562A;
			remoteInfo = iTunesClient;
		};
		79F6226C1F0C131A00EE562A /* PBXContainerItemProxy */ = {
			isa = PBXContainerItemProxy;
			containerPortal = 79F622441F0C131900EE562A /* Project object */;
			proxyType = 1;
			remoteGlobalIDString = 79F6224B1F0C131A00EE562A;
			remoteInfo = iTunesClient;
		};
/* End PBXContainerItemProxy section */

/* Begin PBXFileReference section */
		79F6224C1F0C131A00EE562A /* iTunesClient.app */ = {isa = PBXFileReference; explicitFileType = wrapper.application; includeInIndex = 0; path = iTunesClient.app; sourceTree = BUILT_PRODUCTS_DIR; };
		79F6224F1F0C131A00EE562A /* AppDelegate.swift */ = {isa = PBXFileReference; lastKnownFileType = sourcecode.swift; path = AppDelegate.swift; sourceTree = "<group>"; };
		79F622511F0C131A00EE562A /* ViewController.swift */ = {isa = PBXFileReference; lastKnownFileType = sourcecode.swift; path = ViewController.swift; sourceTree = "<group>"; };
		79F622541F0C131A00EE562A /* Base */ = {isa = PBXFileReference; lastKnownFileType = file.storyboard; name = Base; path = Base.lproj/Main.storyboard; sourceTree = "<group>"; };
		79F622561F0C131A00EE562A /* Assets.xcassets */ = {isa = PBXFileReference; lastKnownFileType = folder.assetcatalog; path = Assets.xcassets; sourceTree = "<group>"; };
		79F622591F0C131A00EE562A /* Base */ = {isa = PBXFileReference; lastKnownFileType = file.storyboard; name = Base; path = Base.lproj/LaunchScreen.storyboard; sourceTree = "<group>"; };
		79F6225B1F0C131A00EE562A /* Info.plist */ = {isa = PBXFileReference; lastKnownFileType = text.plist.xml; path = Info.plist; sourceTree = "<group>"; };
		79F622601F0C131A00EE562A /* iTunesClientTests.xctest */ = {isa = PBXFileReference; explicitFileType = wrapper.cfbundle; includeInIndex = 0; path = iTunesClientTests.xctest; sourceTree = BUILT_PRODUCTS_DIR; };
		79F622641F0C131A00EE562A /* iTunesClientTests.swift */ = {isa = PBXFileReference; lastKnownFileType = sourcecode.swift; path = iTunesClientTests.swift; sourceTree = "<group>"; };
		79F622661F0C131A00EE562A /* Info.plist */ = {isa = PBXFileReference; lastKnownFileType = text.plist.xml; path = Info.plist; sourceTree = "<group>"; };
		79F6226B1F0C131A00EE562A /* iTunesClientUITests.xctest */ = {isa = PBXFileReference; explicitFileType = wrapper.cfbundle; includeInIndex = 0; path = iTunesClientUITests.xctest; sourceTree = BUILT_PRODUCTS_DIR; };
		79F6226F1F0C131A00EE562A /* iTunesClientUITests.swift */ = {isa = PBXFileReference; lastKnownFileType = sourcecode.swift; path = iTunesClientUITests.swift; sourceTree = "<group>"; };
		79F622711F0C131A00EE562A /* Info.plist */ = {isa = PBXFileReference; lastKnownFileType = text.plist.xml; path = Info.plist; sourceTree = "<group>"; };
		79F622801F0C152000EE562A /* Artist.swift */ = {isa = PBXFileReference; fileEncoding = 4; lastKnownFileType = sourcecode.swift; path = Artist.swift; sourceTree = "<group>"; };
		79F622821F0C172300EE562A /* Genre.swift */ = {isa = PBXFileReference; fileEncoding = 4; lastKnownFileType = sourcecode.swift; path = Genre.swift; sourceTree = "<group>"; };
		79F622841F0C182600EE562A /* Album.swift */ = {isa = PBXFileReference; fileEncoding = 4; lastKnownFileType = sourcecode.swift; path = Album.swift; sourceTree = "<group>"; };
		79F622861F0C21AB00EE562A /* Song.swift */ = {isa = PBXFileReference; fileEncoding = 4; lastKnownFileType = sourcecode.swift; path = Song.swift; sourceTree = "<group>"; };
		79F622881F0C2E6900EE562A /* Stub.swift */ = {isa = PBXFileReference; fileEncoding = 4; lastKnownFileType = sourcecode.swift; path = Stub.swift; sourceTree = "<group>"; };
		79F6228A1F0C32B800EE562A /* SearchResultsController.swift */ = {isa = PBXFileReference; fileEncoding = 4; lastKnownFileType = sourcecode.swift; path = SearchResultsController.swift; sourceTree = "<group>"; };
/* End PBXFileReference section */

/* Begin PBXFrameworksBuildPhase section */
		79F622491F0C131A00EE562A /* Frameworks */ = {
			isa = PBXFrameworksBuildPhase;
			buildActionMask = 2147483647;
			files = (
			);
			runOnlyForDeploymentPostprocessing = 0;
		};
		79F6225D1F0C131A00EE562A /* Frameworks */ = {
			isa = PBXFrameworksBuildPhase;
			buildActionMask = 2147483647;
			files = (
			);
			runOnlyForDeploymentPostprocessing = 0;
		};
		79F622681F0C131A00EE562A /* Frameworks */ = {
			isa = PBXFrameworksBuildPhase;
			buildActionMask = 2147483647;
			files = (
			);
			runOnlyForDeploymentPostprocessing = 0;
		};
/* End PBXFrameworksBuildPhase section */

/* Begin PBXGroup section */
		79F622431F0C131900EE562A = {
			isa = PBXGroup;
			children = (
				79F6224E1F0C131A00EE562A /* iTunesClient */,
				79F622631F0C131A00EE562A /* iTunesClientTests */,
				79F6226E1F0C131A00EE562A /* iTunesClientUITests */,
				79F6224D1F0C131A00EE562A /* Products */,
			);
			sourceTree = "<group>";
		};
		79F6224D1F0C131A00EE562A /* Products */ = {
			isa = PBXGroup;
			children = (
				79F6224C1F0C131A00EE562A /* iTunesClient.app */,
				79F622601F0C131A00EE562A /* iTunesClientTests.xctest */,
				79F6226B1F0C131A00EE562A /* iTunesClientUITests.xctest */,
			);
			name = Products;
			sourceTree = "<group>";
		};
		79F6224E1F0C131A00EE562A /* iTunesClient */ = {
			isa = PBXGroup;
			children = (
				79F6227F1F0C14FD00EE562A /* Controllers */,
				79F6227E1F0C14ED00EE562A /* Views */,
				79F6227D1F0C14D300EE562A /* Models */,
				79F6224F1F0C131A00EE562A /* AppDelegate.swift */,
				79F622531F0C131A00EE562A /* Main.storyboard */,
				79F622561F0C131A00EE562A /* Assets.xcassets */,
				79F622581F0C131A00EE562A /* LaunchScreen.storyboard */,
				79F6225B1F0C131A00EE562A /* Info.plist */,
			);
			path = iTunesClient;
			sourceTree = "<group>";
		};
		79F622631F0C131A00EE562A /* iTunesClientTests */ = {
			isa = PBXGroup;
			children = (
				79F622641F0C131A00EE562A /* iTunesClientTests.swift */,
				79F622661F0C131A00EE562A /* Info.plist */,
			);
			path = iTunesClientTests;
			sourceTree = "<group>";
		};
		79F6226E1F0C131A00EE562A /* iTunesClientUITests */ = {
			isa = PBXGroup;
			children = (
				79F6226F1F0C131A00EE562A /* iTunesClientUITests.swift */,
				79F622711F0C131A00EE562A /* Info.plist */,
			);
			path = iTunesClientUITests;
			sourceTree = "<group>";
		};
		79F6227D1F0C14D300EE562A /* Models */ = {
			isa = PBXGroup;
			children = (
				79F622801F0C152000EE562A /* Artist.swift */,
				79F622821F0C172300EE562A /* Genre.swift */,
				79F622841F0C182600EE562A /* Album.swift */,
				79F622861F0C21AB00EE562A /* Song.swift */,
				79F622881F0C2E6900EE562A /* Stub.swift */,
			);
			name = Models;
			sourceTree = "<group>";
		};
		79F6227E1F0C14ED00EE562A /* Views */ = {
			isa = PBXGroup;
			children = (
			);
			name = Views;
			sourceTree = "<group>";
		};
		79F6227F1F0C14FD00EE562A /* Controllers */ = {
			isa = PBXGroup;
			children = (
				79F622511F0C131A00EE562A /* ViewController.swift */,
				79F6228A1F0C32B800EE562A /* SearchResultsController.swift */,
			);
			name = Controllers;
			sourceTree = "<group>";
		};
/* End PBXGroup section */

/* Begin PBXNativeTarget section */
		79F6224B1F0C131A00EE562A /* iTunesClient */ = {
			isa = PBXNativeTarget;
			buildConfigurationList = 79F622741F0C131A00EE562A /* Build configuration list for PBXNativeTarget "iTunesClient" */;
			buildPhases = (
				79F622481F0C131A00EE562A /* Sources */,
				79F622491F0C131A00EE562A /* Frameworks */,
				79F6224A1F0C131A00EE562A /* Resources */,
			);
			buildRules = (
			);
			dependencies = (
			);
			name = iTunesClient;
			productName = iTunesClient;
			productReference = 79F6224C1F0C131A00EE562A /* iTunesClient.app */;
			productType = "com.apple.product-type.application";
		};
		79F6225F1F0C131A00EE562A /* iTunesClientTests */ = {
			isa = PBXNativeTarget;
			buildConfigurationList = 79F622771F0C131A00EE562A /* Build configuration list for PBXNativeTarget "iTunesClientTests" */;
			buildPhases = (
				79F6225C1F0C131A00EE562A /* Sources */,
				79F6225D1F0C131A00EE562A /* Frameworks */,
				79F6225E1F0C131A00EE562A /* Resources */,
			);
			buildRules = (
			);
			dependencies = (
				79F622621F0C131A00EE562A /* PBXTargetDependency */,
			);
			name = iTunesClientTests;
			productName = iTunesClientTests;
			productReference = 79F622601F0C131A00EE562A /* iTunesClientTests.xctest */;
			productType = "com.apple.product-type.bundle.unit-test";
		};
		79F6226A1F0C131A00EE562A /* iTunesClientUITests */ = {
			isa = PBXNativeTarget;
			buildConfigurationList = 79F6227A1F0C131A00EE562A /* Build configuration list for PBXNativeTarget "iTunesClientUITests" */;
			buildPhases = (
				79F622671F0C131A00EE562A /* Sources */,
				79F622681F0C131A00EE562A /* Frameworks */,
				79F622691F0C131A00EE562A /* Resources */,
			);
			buildRules = (
			);
			dependencies = (
				79F6226D1F0C131A00EE562A /* PBXTargetDependency */,
			);
			name = iTunesClientUITests;
			productName = iTunesClientUITests;
			productReference = 79F6226B1F0C131A00EE562A /* iTunesClientUITests.xctest */;
			productType = "com.apple.product-type.bundle.ui-testing";
		};
/* End PBXNativeTarget section */

/* Begin PBXProject section */
		79F622441F0C131900EE562A /* Project object */ = {
			isa = PBXProject;
			attributes = {
				LastSwiftUpdateCheck = 0830;
				LastUpgradeCheck = 0830;
				ORGANIZATIONNAME = "Yueqiao Zhang";
				TargetAttributes = {
					79F6224B1F0C131A00EE562A = {
						CreatedOnToolsVersion = 8.3.3;
						ProvisioningStyle = Automatic;
					};
					79F6225F1F0C131A00EE562A = {
						CreatedOnToolsVersion = 8.3.3;
						ProvisioningStyle = Automatic;
						TestTargetID = 79F6224B1F0C131A00EE562A;
					};
					79F6226A1F0C131A00EE562A = {
						CreatedOnToolsVersion = 8.3.3;
						ProvisioningStyle = Automatic;
						TestTargetID = 79F6224B1F0C131A00EE562A;
					};
				};
			};
			buildConfigurationList = 79F622471F0C131900EE562A /* Build configuration list for PBXProject "iTunesClient" */;
			compatibilityVersion = "Xcode 3.2";
			developmentRegion = English;
			hasScannedForEncodings = 0;
			knownRegions = (
				en,
				Base,
			);
			mainGroup = 79F622431F0C131900EE562A;
			productRefGroup = 79F6224D1F0C131A00EE562A /* Products */;
			projectDirPath = "";
			projectRoot = "";
			targets = (
				79F6224B1F0C131A00EE562A /* iTunesClient */,
				79F6225F1F0C131A00EE562A /* iTunesClientTests */,
				79F6226A1F0C131A00EE562A /* iTunesClientUITests */,
			);
		};
/* End PBXProject section */

/* Begin PBXResourcesBuildPhase section */
		79F6224A1F0C131A00EE562A /* Resources */ = {
			isa = PBXResourcesBuildPhase;
			buildActionMask = 2147483647;
			files = (
				79F6225A1F0C131A00EE562A /* LaunchScreen.storyboard in Resources */,
				79F622571F0C131A00EE562A /* Assets.xcassets in Resources */,
				79F622551F0C131A00EE562A /* Main.storyboard in Resources */,
			);
			runOnlyForDeploymentPostprocessing = 0;
		};
		79F6225E1F0C131A00EE562A /* Resources */ = {
			isa = PBXResourcesBuildPhase;
			buildActionMask = 2147483647;
			files = (
			);
			runOnlyForDeploymentPostprocessing = 0;
		};
		79F622691F0C131A00EE562A /* Resources */ = {
			isa = PBXResourcesBuildPhase;
			buildActionMask = 2147483647;
			files = (
			);
			runOnlyForDeploymentPostprocessing = 0;
		};
/* End PBXResourcesBuildPhase section */

/* Begin PBXSourcesBuildPhase section */
		79F622481F0C131A00EE562A /* Sources */ = {
			isa = PBXSourcesBuildPhase;
			buildActionMask = 2147483647;
			files = (
				79F622871F0C21AB00EE562A /* Song.swift in Sources */,
				79F622811F0C152000EE562A /* Artist.swift in Sources */,
				79F622521F0C131A00EE562A /* ViewController.swift in Sources */,
				79F622501F0C131A00EE562A /* AppDelegate.swift in Sources */,
				79F6228B1F0C32B800EE562A /* SearchResultsController.swift in Sources */,
				79F622831F0C172300EE562A /* Genre.swift in Sources */,
				79F622851F0C182600EE562A /* Album.swift in Sources */,
				79F622891F0C2E6900EE562A /* Stub.swift in Sources */,
			);
			runOnlyForDeploymentPostprocessing = 0;
		};
		79F6225C1F0C131A00EE562A /* Sources */ = {
			isa = PBXSourcesBuildPhase;
			buildActionMask = 2147483647;
			files = (
				79F622651F0C131A00EE562A /* iTunesClientTests.swift in Sources */,
			);
			runOnlyForDeploymentPostprocessing = 0;
		};
		79F622671F0C131A00EE562A /* Sources */ = {
			isa = PBXSourcesBuildPhase;
			buildActionMask = 2147483647;
			files = (
				79F622701F0C131A00EE562A /* iTunesClientUITests.swift in Sources */,
			);
			runOnlyForDeploymentPostprocessing = 0;
		};
/* End PBXSourcesBuildPhase section */

/* Begin PBXTargetDependency section */
		79F622621F0C131A00EE562A /* PBXTargetDependency */ = {
			isa = PBXTargetDependency;
			target = 79F6224B1F0C131A00EE562A /* iTunesClient */;
			targetProxy = 79F622611F0C131A00EE562A /* PBXContainerItemProxy */;
		};
		79F6226D1F0C131A00EE562A /* PBXTargetDependency */ = {
			isa = PBXTargetDependency;
			target = 79F6224B1F0C131A00EE562A /* iTunesClient */;
			targetProxy = 79F6226C1F0C131A00EE562A /* PBXContainerItemProxy */;
		};
/* End PBXTargetDependency section */

/* Begin PBXVariantGroup section */
		79F622531F0C131A00EE562A /* Main.storyboard */ = {
			isa = PBXVariantGroup;
			children = (
				79F622541F0C131A00EE562A /* Base */,
			);
			name = Main.storyboard;
			sourceTree = "<group>";
		};
		79F622581F0C131A00EE562A /* LaunchScreen.storyboard */ = {
			isa = PBXVariantGroup;
			children = (
				79F622591F0C131A00EE562A /* Base */,
			);
			name = LaunchScreen.storyboard;
			sourceTree = "<group>";
		};
/* End PBXVariantGroup section */

/* Begin XCBuildConfiguration section */
		79F622721F0C131A00EE562A /* Debug */ = {
			isa = XCBuildConfiguration;
			buildSettings = {
				ALWAYS_SEARCH_USER_PATHS = NO;
				CLANG_ANALYZER_NONNULL = YES;
				CLANG_ANALYZER_NUMBER_OBJECT_CONVERSION = YES_AGGRESSIVE;
				CLANG_CXX_LANGUAGE_STANDARD = "gnu++0x";
				CLANG_CXX_LIBRARY = "libc++";
				CLANG_ENABLE_MODULES = YES;
				CLANG_ENABLE_OBJC_ARC = YES;
				CLANG_WARN_BOOL_CONVERSION = YES;
				CLANG_WARN_CONSTANT_CONVERSION = YES;
				CLANG_WARN_DIRECT_OBJC_ISA_USAGE = YES_ERROR;
				CLANG_WARN_DOCUMENTATION_COMMENTS = YES;
				CLANG_WARN_EMPTY_BODY = YES;
				CLANG_WARN_ENUM_CONVERSION = YES;
				CLANG_WARN_INFINITE_RECURSION = YES;
				CLANG_WARN_INT_CONVERSION = YES;
				CLANG_WARN_OBJC_ROOT_CLASS = YES_ERROR;
				CLANG_WARN_SUSPICIOUS_MOVE = YES;
				CLANG_WARN_UNREACHABLE_CODE = YES;
				CLANG_WARN__DUPLICATE_METHOD_MATCH = YES;
				"CODE_SIGN_IDENTITY[sdk=iphoneos*]" = "iPhone Developer";
				COPY_PHASE_STRIP = NO;
				DEBUG_INFORMATION_FORMAT = dwarf;
				ENABLE_STRICT_OBJC_MSGSEND = YES;
				ENABLE_TESTABILITY = YES;
				GCC_C_LANGUAGE_STANDARD = gnu99;
				GCC_DYNAMIC_NO_PIC = NO;
				GCC_NO_COMMON_BLOCKS = YES;
				GCC_OPTIMIZATION_LEVEL = 0;
				GCC_PREPROCESSOR_DEFINITIONS = (
					"DEBUG=1",
					"$(inherited)",
				);
				GCC_WARN_64_TO_32_BIT_CONVERSION = YES;
				GCC_WARN_ABOUT_RETURN_TYPE = YES_ERROR;
				GCC_WARN_UNDECLARED_SELECTOR = YES;
				GCC_WARN_UNINITIALIZED_AUTOS = YES_AGGRESSIVE;
				GCC_WARN_UNUSED_FUNCTION = YES;
				GCC_WARN_UNUSED_VARIABLE = YES;
				IPHONEOS_DEPLOYMENT_TARGET = 10.3;
				MTL_ENABLE_DEBUG_INFO = YES;
				ONLY_ACTIVE_ARCH = YES;
				SDKROOT = iphoneos;
				SWIFT_ACTIVE_COMPILATION_CONDITIONS = DEBUG;
				SWIFT_OPTIMIZATION_LEVEL = "-Onone";
			};
			name = Debug;
		};
		79F622731F0C131A00EE562A /* Release */ = {
			isa = XCBuildConfiguration;
			buildSettings = {
				ALWAYS_SEARCH_USER_PATHS = NO;
				CLANG_ANALYZER_NONNULL = YES;
				CLANG_ANALYZER_NUMBER_OBJECT_CONVERSION = YES_AGGRESSIVE;
				CLANG_CXX_LANGUAGE_STANDARD = "gnu++0x";
				CLANG_CXX_LIBRARY = "libc++";
				CLANG_ENABLE_MODULES = YES;
				CLANG_ENABLE_OBJC_ARC = YES;
				CLANG_WARN_BOOL_CONVERSION = YES;
				CLANG_WARN_CONSTANT_CONVERSION = YES;
				CLANG_WARN_DIRECT_OBJC_ISA_USAGE = YES_ERROR;
				CLANG_WARN_DOCUMENTATION_COMMENTS = YES;
				CLANG_WARN_EMPTY_BODY = YES;
				CLANG_WARN_ENUM_CONVERSION = YES;
				CLANG_WARN_INFINITE_RECURSION = YES;
				CLANG_WARN_INT_CONVERSION = YES;
				CLANG_WARN_OBJC_ROOT_CLASS = YES_ERROR;
				CLANG_WARN_SUSPICIOUS_MOVE = YES;
				CLANG_WARN_UNREACHABLE_CODE = YES;
				CLANG_WARN__DUPLICATE_METHOD_MATCH = YES;
				"CODE_SIGN_IDENTITY[sdk=iphoneos*]" = "iPhone Developer";
				COPY_PHASE_STRIP = NO;
				DEBUG_INFORMATION_FORMAT = "dwarf-with-dsym";
				ENABLE_NS_ASSERTIONS = NO;
				ENABLE_STRICT_OBJC_MSGSEND = YES;
				GCC_C_LANGUAGE_STANDARD = gnu99;
				GCC_NO_COMMON_BLOCKS = YES;
				GCC_WARN_64_TO_32_BIT_CONVERSION = YES;
				GCC_WARN_ABOUT_RETURN_TYPE = YES_ERROR;
				GCC_WARN_UNDECLARED_SELECTOR = YES;
				GCC_WARN_UNINITIALIZED_AUTOS = YES_AGGRESSIVE;
				GCC_WARN_UNUSED_FUNCTION = YES;
				GCC_WARN_UNUSED_VARIABLE = YES;
				IPHONEOS_DEPLOYMENT_TARGET = 10.3;
				MTL_ENABLE_DEBUG_INFO = NO;
				SDKROOT = iphoneos;
				SWIFT_OPTIMIZATION_LEVEL = "-Owholemodule";
				VALIDATE_PRODUCT = YES;
			};
			name = Release;
		};
		79F622751F0C131A00EE562A /* Debug */ = {
			isa = XCBuildConfiguration;
			buildSettings = {
				ASSETCATALOG_COMPILER_APPICON_NAME = AppIcon;
				INFOPLIST_FILE = iTunesClient/Info.plist;
				LD_RUNPATH_SEARCH_PATHS = "$(inherited) @executable_path/Frameworks";
				PRODUCT_BUNDLE_IDENTIFIER = yzhan79.iTunesClient;
				PRODUCT_NAME = "$(TARGET_NAME)";
				SWIFT_VERSION = 3.0;
			};
			name = Debug;
		};
		79F622761F0C131A00EE562A /* Release */ = {
			isa = XCBuildConfiguration;
			buildSettings = {
				ASSETCATALOG_COMPILER_APPICON_NAME = AppIcon;
				INFOPLIST_FILE = iTunesClient/Info.plist;
				LD_RUNPATH_SEARCH_PATHS = "$(inherited) @executable_path/Frameworks";
				PRODUCT_BUNDLE_IDENTIFIER = yzhan79.iTunesClient;
				PRODUCT_NAME = "$(TARGET_NAME)";
				SWIFT_VERSION = 3.0;
			};
			name = Release;
		};
		79F622781F0C131A00EE562A /* Debug */ = {
			isa = XCBuildConfiguration;
			buildSettings = {
				ALWAYS_EMBED_SWIFT_STANDARD_LIBRARIES = YES;
				BUNDLE_LOADER = "$(TEST_HOST)";
				INFOPLIST_FILE = iTunesClientTests/Info.plist;
				LD_RUNPATH_SEARCH_PATHS = "$(inherited) @executable_path/Frameworks @loader_path/Frameworks";
				PRODUCT_BUNDLE_IDENTIFIER = yzhan79.iTunesClientTests;
				PRODUCT_NAME = "$(TARGET_NAME)";
				SWIFT_VERSION = 3.0;
				TEST_HOST = "$(BUILT_PRODUCTS_DIR)/iTunesClient.app/iTunesClient";
			};
			name = Debug;
		};
		79F622791F0C131A00EE562A /* Release */ = {
			isa = XCBuildConfiguration;
			buildSettings = {
				ALWAYS_EMBED_SWIFT_STANDARD_LIBRARIES = YES;
				BUNDLE_LOADER = "$(TEST_HOST)";
				INFOPLIST_FILE = iTunesClientTests/Info.plist;
				LD_RUNPATH_SEARCH_PATHS = "$(inherited) @executable_path/Frameworks @loader_path/Frameworks";
				PRODUCT_BUNDLE_IDENTIFIER = yzhan79.iTunesClientTests;
				PRODUCT_NAME = "$(TARGET_NAME)";
				SWIFT_VERSION = 3.0;
				TEST_HOST = "$(BUILT_PRODUCTS_DIR)/iTunesClient.app/iTunesClient";
			};
			name = Release;
		};
		79F6227B1F0C131A00EE562A /* Debug */ = {
			isa = XCBuildConfiguration;
			buildSettings = {
				ALWAYS_EMBED_SWIFT_STANDARD_LIBRARIES = YES;
				INFOPLIST_FILE = iTunesClientUITests/Info.plist;
				LD_RUNPATH_SEARCH_PATHS = "$(inherited) @executable_path/Frameworks @loader_path/Frameworks";
				PRODUCT_BUNDLE_IDENTIFIER = yzhan79.iTunesClientUITests;
				PRODUCT_NAME = "$(TARGET_NAME)";
				SWIFT_VERSION = 3.0;
				TEST_TARGET_NAME = iTunesClient;
			};
			name = Debug;
		};
		79F6227C1F0C131A00EE562A /* Release */ = {
			isa = XCBuildConfiguration;
			buildSettings = {
				ALWAYS_EMBED_SWIFT_STANDARD_LIBRARIES = YES;
				INFOPLIST_FILE = iTunesClientUITests/Info.plist;
				LD_RUNPATH_SEARCH_PATHS = "$(inherited) @executable_path/Frameworks @loader_path/Frameworks";
				PRODUCT_BUNDLE_IDENTIFIER = yzhan79.iTunesClientUITests;
				PRODUCT_NAME = "$(TARGET_NAME)";
				SWIFT_VERSION = 3.0;
				TEST_TARGET_NAME = iTunesClient;
			};
			name = Release;
		};
/* End XCBuildConfiguration section */

/* Begin XCConfigurationList section */
		79F622471F0C131900EE562A /* Build configuration list for PBXProject "iTunesClient" */ = {
			isa = XCConfigurationList;
			buildConfigurations = (
				79F622721F0C131A00EE562A /* Debug */,
				79F622731F0C131A00EE562A /* Release */,
			);
			defaultConfigurationIsVisible = 0;
			defaultConfigurationName = Release;
		};
		79F622741F0C131A00EE562A /* Build configuration list for PBXNativeTarget "iTunesClient" */ = {
			isa = XCConfigurationList;
			buildConfigurations = (
				79F622751F0C131A00EE562A /* Debug */,
				79F622761F0C131A00EE562A /* Release */,
			);
			defaultConfigurationIsVisible = 0;
		};
		79F622771F0C131A00EE562A /* Build configuration list for PBXNativeTarget "iTunesClientTests" */ = {
			isa = XCConfigurationList;
			buildConfigurations = (
				79F622781F0C131A00EE562A /* Debug */,
				79F622791F0C131A00EE562A /* Release */,
			);
			defaultConfigurationIsVisible = 0;
		};
		79F6227A1F0C131A00EE562A /* Build configuration list for PBXNativeTarget "iTunesClientUITests" */ = {
			isa = XCConfigurationList;
			buildConfigurations = (
				79F6227B1F0C131A00EE562A /* Debug */,
				79F6227C1F0C131A00EE562A /* Release */,
			);
			defaultConfigurationIsVisible = 0;
		};
/* End XCConfigurationList section */
	};
	rootObject = 79F622441F0C131900EE562A /* Project object */;
}
